PODS:
  - Alamofire (5.2.1)
  - AlamofireImage (4.1.0):
    - Alamofire (~> 5.1)
  - Realm (5.2.0):
    - Realm/Headers (= 5.2.0)
  - Realm/Headers (5.2.0)
  - RealmSwift (5.2.0):
    - Realm (= 5.2.0)

DEPENDENCIES:
  - AlamofireImage (~> 4.1)
  - RealmSwift

SPEC REPOS:
  trunk:
    - Alamofire
    - AlamofireImage
    - Realm
    - RealmSwift

SPEC CHECKSUMS:
  Alamofire: e911732990610fe89af59ac0077f923d72dc3dfd
  AlamofireImage: c4a2ba349885fb3064feb74d2e547bd42ce9be10
  Realm: f749c723e272f08fdf1939af5e61d2bd09b203e8
  RealmSwift: bf0ab78b52c5bafba8b3ad73be8dfb4c1ea5cf01

PODFILE CHECKSUM: e0bd3340806fa5d6202ffaa0b8444e8da12a6b07

COCOAPODS: 1.9.3
